
Microsoft Visual Studio Solution File, Format Version 12.00
# Visual Studio Version 17
VisualStudioVersion = 17.0.31710.8
MinimumVisualStudioVersion = 10.0.40219.1
Project("{2150E333-8FDC-42A3-9474-1A3956D46DE8}") = "src", "src", "{E7AA3335-A50B-469F-A858-EFC319A34BC2}"
EndProject
Project("{6EC3EE1D-3C4E-46DD-8F32-0CC8E7565705}") = "Authzi.Security", "src\Authzi.Security\Authzi.Security.fsproj", "{6CE2AAD6-D6E6-413A-AD2B-CDFA073E8AAA}"
EndProject
Project("{9A19103F-16F7-4668-BE54-9A1E7A4F7556}") = "Authzi.Security.Authorization", "src\Authzi.Security.Authorization\Authzi.Security.Authorization.csproj", "{2AB1D5CF-FA62-4906-B6E6-9F24CCCE3CCA}"
EndProject
Project("{2150E333-8FDC-42A3-9474-1A3956D46DE8}") = "Identity", "Identity", "{0B6E2A06-C13E-4AEF-89D3-5A7BA1232084}"
EndProject
Project("{2150E333-8FDC-42A3-9474-1A3956D46DE8}") = "Core", "Core", "{02F2165E-0E82-4ED3-A80B-F04F926BD439}"
EndProject
Project("{2150E333-8FDC-42A3-9474-1A3956D46DE8}") = "test", "test", "{3206C214-A7CF-4CC0-8D5A-035309C58373}"
EndProject
Project("{6EC3EE1D-3C4E-46DD-8F32-0CC8E7565705}") = "Authzi.AzureFunctions", "src\Authzi.AzureFunctions\Authzi.AzureFunctions.fsproj", "{3B125497-07AA-43C9-A882-E0879E763BDB}"
EndProject
Project("{6EC3EE1D-3C4E-46DD-8F32-0CC8E7565705}") = "Authzi.MicrosoftOrleans", "src\Authzi.MicrosoftOrleans\Authzi.MicrosoftOrleans.fsproj", "{1486ADB8-5750-4500-9B29-6279EBEC0DA2}"
EndProject
Project("{6EC3EE1D-3C4E-46DD-8F32-0CC8E7565705}") = "Authzi.Security.IntegrationTests", "test\Authzi.Security.IntegrationTests\Authzi.Security.IntegrationTests.fsproj", "{1EA2996F-3342-4F03-8AD9-5DBD7E224ECD}"
EndProject
Project("{2150E333-8FDC-42A3-9474-1A3956D46DE8}") = "Authzi.MicrosoftOrleans", "Authzi.MicrosoftOrleans", "{847F61AF-DFE5-4174-9159-C4F6E38DDEBE}"
EndProject
Project("{2150E333-8FDC-42A3-9474-1A3956D46DE8}") = "Authzi.AzureFunctions", "Authzi.AzureFunctions", "{9D659389-E038-4F5B-AA55-557D2007F879}"
EndProject
Project("{9A19103F-16F7-4668-BE54-9A1E7A4F7556}") = "Authzi.MicrosoftOrleans.Grains", "test\Authzi.MicrosoftOrleans\Authzi.MicrosoftOrleans.Grains\Authzi.MicrosoftOrleans.Grains.csproj", "{CD9403BC-8D5B-4BF1-95F0-9168BA18035D}"
EndProject
Project("{9A19103F-16F7-4668-BE54-9A1E7A4F7556}") = "Authzi.MicrosoftOrleans.Interoperability", "src\Authzi.MicrosoftOrleans.Interoperability\Authzi.MicrosoftOrleans.Interoperability.csproj", "{DF14D1ED-3D4E-41C8-BD80-58039ED5F2B0}"
EndProject
Project("{6EC3EE1D-3C4E-46DD-8F32-0CC8E7565705}") = "Authzi.Extensions", "src\Authzi.Extensions\Authzi.Extensions.fsproj", "{756315A3-5BE4-49C0-A336-5D77E6D782E7}"
EndProject
Project("{2150E333-8FDC-42A3-9474-1A3956D46DE8}") = "Authzi.Identity", "Authzi.Identity", "{A2124B9A-1801-4312-8E6B-5EEF2A3850C0}"
EndProject
Project("{9A19103F-16F7-4668-BE54-9A1E7A4F7556}") = "Authzi.IdentityServer4.IntegrationTests", "test\AuthziIdentity\Authzi.IdentityServer4.IntegrationTests\Authzi.IdentityServer4.IntegrationTests.csproj", "{ECAD13AA-9F2F-4483-850E-76727542B0C7}"
EndProject
Project("{6EC3EE1D-3C4E-46DD-8F32-0CC8E7565705}") = "Authzi.MicrosoftOrleans.IdentityServer4.Tests", "test\Authzi.MicrosoftOrleans\Authzi.MicrosoftOrleans.IdentityServer4.Tests\Authzi.MicrosoftOrleans.IdentityServer4.Tests.fsproj", "{F5C4D131-614A-4983-A41F-390390BB23D4}"
EndProject
Project("{2150E333-8FDC-42A3-9474-1A3956D46DE8}") = "docs", "docs", "{8F30CDF4-C766-447B-8FB0-037B8C55435F}"
EndProject
Project("{9A19103F-16F7-4668-BE54-9A1E7A4F7556}") = "DocsBuilder", "docs-builder\DocsBuilder.csproj", "{B5C297BB-77C3-4088-8BE9-8F62029FE20C}"
EndProject
Project("{2150E333-8FDC-42A3-9474-1A3956D46DE8}") = "AzureFunctions", "AzureFunctions", "{544517DE-EE7B-4C9D-925C-5E2C83FB9CFB}"
EndProject
Project("{2150E333-8FDC-42A3-9474-1A3956D46DE8}") = "MicrosoftOrleans", "MicrosoftOrleans", "{EAB45ACE-F4DA-4F32-AE4E-562749D210D3}"
EndProject
Project("{6EC3EE1D-3C4E-46DD-8F32-0CC8E7565705}") = "Authzi.AzureActiveDirectory", "src\Identity\Authzi.AzureActiveDirectory\Authzi.AzureActiveDirectory.fsproj", "{AAB2FC62-921D-4DB7-AF12-68DC63D49A59}"
EndProject
Project("{6EC3EE1D-3C4E-46DD-8F32-0CC8E7565705}") = "Authzi.IdentityServer4", "src\Identity\Authzi.IdentityServer4\Authzi.IdentityServer4.fsproj", "{0CE11522-6A81-4455-9910-FB0A50D346E8}"
EndProject
Project("{6EC3EE1D-3C4E-46DD-8F32-0CC8E7565705}") = "Authzi.AzureActiveDirectory.AzureFunctions", "src\Identity\Authzi.AzureActiveDirectory.AzureFunctions\Authzi.AzureActiveDirectory.AzureFunctions.fsproj", "{211E2653-F784-490E-B158-5269F64334C3}"
EndProject
Project("{2150E333-8FDC-42A3-9474-1A3956D46DE8}") = "deploy", "deploy", "{76494F63-19A9-4AFB-BEA6-4028E594FF2A}"
EndProject
Project("{2150E333-8FDC-42A3-9474-1A3956D46DE8}") = "AzureActiveDirectory", "AzureActiveDirectory", "{56A13D7D-B100-4B3C-B295-E9E7772EF7C8}"
	ProjectSection(SolutionItems) = preProject
		deploy\AzureActiveDirectory\AzureActiveDirectoryB2B1.azcli = deploy\AzureActiveDirectory\AzureActiveDirectoryB2B1.azcli
		deploy\AzureActiveDirectory\AzureActiveDirectoryB2C1.azcli = deploy\AzureActiveDirectory\AzureActiveDirectoryB2C1.azcli
		deploy\AzureActiveDirectory\AzureActiveDirectoryB2C1.json = deploy\AzureActiveDirectory\AzureActiveDirectoryB2C1.json
	EndProjectSection
EndProject
Project("{6EC3EE1D-3C4E-46DD-8F32-0CC8E7565705}") = "Authzi.MicrosoftOrleans.AzureActiveDirectory", "src\MicrosoftOrleans\Authzi.MicrosoftOrleans.AzureActiveDirectory\Authzi.MicrosoftOrleans.AzureActiveDirectory.fsproj", "{229734DE-6F3E-4AEB-A9C7-BD841D2E1ED8}"
EndProject
Project("{6EC3EE1D-3C4E-46DD-8F32-0CC8E7565705}") = "Authzi.MicrosoftOrleans.IdentityServer4", "src\MicrosoftOrleans\Authzi.MicrosoftOrleans.IdentityServer4\Authzi.MicrosoftOrleans.IdentityServer4.fsproj", "{2C16443C-4411-41F1-9918-A35C152CDE27}"
EndProject
Project("{6EC3EE1D-3C4E-46DD-8F32-0CC8E7565705}") = "Authzi.MicrosoftOrleans.AzureActiveDirectory.Tests.NETCore3.1", "test\Authzi.MicrosoftOrleans\Authzi.MicrosoftOrleans.AzureActiveDirectory.Tests.NETCore3.1\Authzi.MicrosoftOrleans.AzureActiveDirectory.Tests.NETCore3.1.fsproj", "{C9444C09-0A7D-4CD7-857C-B18353079854}"
EndProject
Project("{6EC3EE1D-3C4E-46DD-8F32-0CC8E7565705}") = "Authzi.MicrosoftOrleans.AzureActiveDirectory.Tests.NET6.0", "test\Authzi.MicrosoftOrleans\Authzi.MicrosoftOrleans.AzureActiveDirectory.Tests.NET6.0\Authzi.MicrosoftOrleans.AzureActiveDirectory.Tests.NET6.0.fsproj", "{4E41955D-0FDB-4427-AABD-1B06333784B1}"
EndProject
Project("{6EC3EE1D-3C4E-46DD-8F32-0CC8E7565705}") = "Authzi.MicrosoftOrleans.AzureActiveDirectory.Tests.Common", "test\Authzi.MicrosoftOrleans\Authzi.MicrosoftOrleans.AzureActiveDirectory.Tests.Common\Authzi.MicrosoftOrleans.AzureActiveDirectory.Tests.Common.fsproj", "{BCD13181-FD2C-4518-AF5D-FAD8FF21D4AD}"
EndProject
Project("{6EC3EE1D-3C4E-46DD-8F32-0CC8E7565705}") = "Authzi.AzureActiveDirectory.Configuration", "deploy\AzureActiveDirectory\Authzi.AzureActiveDirectory.Configuration\Authzi.AzureActiveDirectory.Configuration.fsproj", "{F3E433E3-1C2B-4F24-8344-B63EB19FB581}"
EndProject
Project("{F2A71F9B-5D33-465A-A702-920D77279786}") = "Authzi.MicrosoftOrleans.AzureActiveDirectory.Tests.B2C.NET6.0", "test\Authzi.MicrosoftOrleans\Authzi.MicrosoftOrleans.AzureActiveDirectory.Tests.B2C.NET6.0\Authzi.MicrosoftOrleans.AzureActiveDirectory.Tests.B2C.NET6.0.fsproj", "{027BCC4A-2359-471D-9062-AB344B0DC262}"
EndProject
Project("{F2A71F9B-5D33-465A-A702-920D77279786}") = "Authzi.AzureActiveDirectory.Configuration.Common", "deploy\AzureActiveDirectory\Authzi.AzureActiveDirectory.Configuration.Common\Authzi.AzureActiveDirectory.Configuration.Common.fsproj", "{1C70A444-711F-427B-8CAF-08360275C9F5}"
EndProject
Global
	GlobalSection(SolutionConfigurationPlatforms) = preSolution
		Debug|Any CPU = Debug|Any CPU
		Release|Any CPU = Release|Any CPU
	EndGlobalSection
	GlobalSection(ProjectConfigurationPlatforms) = postSolution
		{6CE2AAD6-D6E6-413A-AD2B-CDFA073E8AAA}.Debug|Any CPU.ActiveCfg = Debug|Any CPU
		{6CE2AAD6-D6E6-413A-AD2B-CDFA073E8AAA}.Debug|Any CPU.Build.0 = Debug|Any CPU
		{6CE2AAD6-D6E6-413A-AD2B-CDFA073E8AAA}.Release|Any CPU.ActiveCfg = Release|Any CPU
		{6CE2AAD6-D6E6-413A-AD2B-CDFA073E8AAA}.Release|Any CPU.Build.0 = Release|Any CPU
		{2AB1D5CF-FA62-4906-B6E6-9F24CCCE3CCA}.Debug|Any CPU.ActiveCfg = Debug|Any CPU
		{2AB1D5CF-FA62-4906-B6E6-9F24CCCE3CCA}.Debug|Any CPU.Build.0 = Debug|Any CPU
		{2AB1D5CF-FA62-4906-B6E6-9F24CCCE3CCA}.Release|Any CPU.ActiveCfg = Release|Any CPU
		{2AB1D5CF-FA62-4906-B6E6-9F24CCCE3CCA}.Release|Any CPU.Build.0 = Release|Any CPU
		{3B125497-07AA-43C9-A882-E0879E763BDB}.Debug|Any CPU.ActiveCfg = Debug|Any CPU
		{3B125497-07AA-43C9-A882-E0879E763BDB}.Debug|Any CPU.Build.0 = Debug|Any CPU
		{3B125497-07AA-43C9-A882-E0879E763BDB}.Release|Any CPU.ActiveCfg = Release|Any CPU
		{3B125497-07AA-43C9-A882-E0879E763BDB}.Release|Any CPU.Build.0 = Release|Any CPU
		{1486ADB8-5750-4500-9B29-6279EBEC0DA2}.Debug|Any CPU.ActiveCfg = Debug|Any CPU
		{1486ADB8-5750-4500-9B29-6279EBEC0DA2}.Debug|Any CPU.Build.0 = Debug|Any CPU
		{1486ADB8-5750-4500-9B29-6279EBEC0DA2}.Release|Any CPU.ActiveCfg = Release|Any CPU
		{1486ADB8-5750-4500-9B29-6279EBEC0DA2}.Release|Any CPU.Build.0 = Release|Any CPU
		{1EA2996F-3342-4F03-8AD9-5DBD7E224ECD}.Debug|Any CPU.ActiveCfg = Debug|Any CPU
		{1EA2996F-3342-4F03-8AD9-5DBD7E224ECD}.Debug|Any CPU.Build.0 = Debug|Any CPU
		{1EA2996F-3342-4F03-8AD9-5DBD7E224ECD}.Release|Any CPU.ActiveCfg = Release|Any CPU
		{1EA2996F-3342-4F03-8AD9-5DBD7E224ECD}.Release|Any CPU.Build.0 = Release|Any CPU
		{CD9403BC-8D5B-4BF1-95F0-9168BA18035D}.Debug|Any CPU.ActiveCfg = Debug|Any CPU
		{CD9403BC-8D5B-4BF1-95F0-9168BA18035D}.Debug|Any CPU.Build.0 = Debug|Any CPU
		{CD9403BC-8D5B-4BF1-95F0-9168BA18035D}.Release|Any CPU.ActiveCfg = Release|Any CPU
		{CD9403BC-8D5B-4BF1-95F0-9168BA18035D}.Release|Any CPU.Build.0 = Release|Any CPU
		{DF14D1ED-3D4E-41C8-BD80-58039ED5F2B0}.Debug|Any CPU.ActiveCfg = Debug|Any CPU
		{DF14D1ED-3D4E-41C8-BD80-58039ED5F2B0}.Debug|Any CPU.Build.0 = Debug|Any CPU
		{DF14D1ED-3D4E-41C8-BD80-58039ED5F2B0}.Release|Any CPU.ActiveCfg = Release|Any CPU
		{DF14D1ED-3D4E-41C8-BD80-58039ED5F2B0}.Release|Any CPU.Build.0 = Release|Any CPU
		{756315A3-5BE4-49C0-A336-5D77E6D782E7}.Debug|Any CPU.ActiveCfg = Debug|Any CPU
		{756315A3-5BE4-49C0-A336-5D77E6D782E7}.Debug|Any CPU.Build.0 = Debug|Any CPU
		{756315A3-5BE4-49C0-A336-5D77E6D782E7}.Release|Any CPU.ActiveCfg = Release|Any CPU
		{756315A3-5BE4-49C0-A336-5D77E6D782E7}.Release|Any CPU.Build.0 = Release|Any CPU
		{ECAD13AA-9F2F-4483-850E-76727542B0C7}.Debug|Any CPU.ActiveCfg = Debug|Any CPU
		{ECAD13AA-9F2F-4483-850E-76727542B0C7}.Debug|Any CPU.Build.0 = Debug|Any CPU
		{ECAD13AA-9F2F-4483-850E-76727542B0C7}.Release|Any CPU.ActiveCfg = Release|Any CPU
		{ECAD13AA-9F2F-4483-850E-76727542B0C7}.Release|Any CPU.Build.0 = Release|Any CPU
		{F5C4D131-614A-4983-A41F-390390BB23D4}.Debug|Any CPU.ActiveCfg = Debug|Any CPU
		{F5C4D131-614A-4983-A41F-390390BB23D4}.Debug|Any CPU.Build.0 = Debug|Any CPU
		{F5C4D131-614A-4983-A41F-390390BB23D4}.Release|Any CPU.ActiveCfg = Release|Any CPU
		{F5C4D131-614A-4983-A41F-390390BB23D4}.Release|Any CPU.Build.0 = Release|Any CPU
		{B5C297BB-77C3-4088-8BE9-8F62029FE20C}.Debug|Any CPU.ActiveCfg = Debug|Any CPU
		{B5C297BB-77C3-4088-8BE9-8F62029FE20C}.Debug|Any CPU.Build.0 = Debug|Any CPU
		{B5C297BB-77C3-4088-8BE9-8F62029FE20C}.Release|Any CPU.ActiveCfg = Release|Any CPU
		{B5C297BB-77C3-4088-8BE9-8F62029FE20C}.Release|Any CPU.Build.0 = Release|Any CPU
		{AAB2FC62-921D-4DB7-AF12-68DC63D49A59}.Debug|Any CPU.ActiveCfg = Debug|Any CPU
		{AAB2FC62-921D-4DB7-AF12-68DC63D49A59}.Debug|Any CPU.Build.0 = Debug|Any CPU
		{AAB2FC62-921D-4DB7-AF12-68DC63D49A59}.Release|Any CPU.ActiveCfg = Release|Any CPU
		{AAB2FC62-921D-4DB7-AF12-68DC63D49A59}.Release|Any CPU.Build.0 = Release|Any CPU
		{0CE11522-6A81-4455-9910-FB0A50D346E8}.Debug|Any CPU.ActiveCfg = Debug|Any CPU
		{0CE11522-6A81-4455-9910-FB0A50D346E8}.Debug|Any CPU.Build.0 = Debug|Any CPU
		{0CE11522-6A81-4455-9910-FB0A50D346E8}.Release|Any CPU.ActiveCfg = Release|Any CPU
		{0CE11522-6A81-4455-9910-FB0A50D346E8}.Release|Any CPU.Build.0 = Release|Any CPU
		{211E2653-F784-490E-B158-5269F64334C3}.Debug|Any CPU.ActiveCfg = Debug|Any CPU
		{211E2653-F784-490E-B158-5269F64334C3}.Debug|Any CPU.Build.0 = Debug|Any CPU
		{211E2653-F784-490E-B158-5269F64334C3}.Release|Any CPU.ActiveCfg = Release|Any CPU
		{211E2653-F784-490E-B158-5269F64334C3}.Release|Any CPU.Build.0 = Release|Any CPU
		{229734DE-6F3E-4AEB-A9C7-BD841D2E1ED8}.Debug|Any CPU.ActiveCfg = Debug|Any CPU
		{229734DE-6F3E-4AEB-A9C7-BD841D2E1ED8}.Debug|Any CPU.Build.0 = Debug|Any CPU
		{229734DE-6F3E-4AEB-A9C7-BD841D2E1ED8}.Release|Any CPU.ActiveCfg = Release|Any CPU
		{229734DE-6F3E-4AEB-A9C7-BD841D2E1ED8}.Release|Any CPU.Build.0 = Release|Any CPU
		{2C16443C-4411-41F1-9918-A35C152CDE27}.Debug|Any CPU.ActiveCfg = Debug|Any CPU
		{2C16443C-4411-41F1-9918-A35C152CDE27}.Debug|Any CPU.Build.0 = Debug|Any CPU
		{2C16443C-4411-41F1-9918-A35C152CDE27}.Release|Any CPU.ActiveCfg = Release|Any CPU
		{2C16443C-4411-41F1-9918-A35C152CDE27}.Release|Any CPU.Build.0 = Release|Any CPU
		{C9444C09-0A7D-4CD7-857C-B18353079854}.Debug|Any CPU.ActiveCfg = Debug|Any CPU
		{C9444C09-0A7D-4CD7-857C-B18353079854}.Debug|Any CPU.Build.0 = Debug|Any CPU
		{C9444C09-0A7D-4CD7-857C-B18353079854}.Release|Any CPU.ActiveCfg = Release|Any CPU
		{C9444C09-0A7D-4CD7-857C-B18353079854}.Release|Any CPU.Build.0 = Release|Any CPU
		{4E41955D-0FDB-4427-AABD-1B06333784B1}.Debug|Any CPU.ActiveCfg = Debug|Any CPU
		{4E41955D-0FDB-4427-AABD-1B06333784B1}.Debug|Any CPU.Build.0 = Debug|Any CPU
		{4E41955D-0FDB-4427-AABD-1B06333784B1}.Release|Any CPU.ActiveCfg = Release|Any CPU
		{4E41955D-0FDB-4427-AABD-1B06333784B1}.Release|Any CPU.Build.0 = Release|Any CPU
		{BCD13181-FD2C-4518-AF5D-FAD8FF21D4AD}.Debug|Any CPU.ActiveCfg = Debug|Any CPU
		{BCD13181-FD2C-4518-AF5D-FAD8FF21D4AD}.Debug|Any CPU.Build.0 = Debug|Any CPU
		{BCD13181-FD2C-4518-AF5D-FAD8FF21D4AD}.Release|Any CPU.ActiveCfg = Release|Any CPU
		{BCD13181-FD2C-4518-AF5D-FAD8FF21D4AD}.Release|Any CPU.Build.0 = Release|Any CPU
		{F3E433E3-1C2B-4F24-8344-B63EB19FB581}.Debug|Any CPU.ActiveCfg = Debug|Any CPU
		{F3E433E3-1C2B-4F24-8344-B63EB19FB581}.Debug|Any CPU.Build.0 = Debug|Any CPU
		{F3E433E3-1C2B-4F24-8344-B63EB19FB581}.Release|Any CPU.ActiveCfg = Release|Any CPU
		{F3E433E3-1C2B-4F24-8344-B63EB19FB581}.Release|Any CPU.Build.0 = Release|Any CPU
		{027BCC4A-2359-471D-9062-AB344B0DC262}.Debug|Any CPU.ActiveCfg = Debug|Any CPU
		{027BCC4A-2359-471D-9062-AB344B0DC262}.Debug|Any CPU.Build.0 = Debug|Any CPU
		{027BCC4A-2359-471D-9062-AB344B0DC262}.Release|Any CPU.ActiveCfg = Release|Any CPU
		{027BCC4A-2359-471D-9062-AB344B0DC262}.Release|Any CPU.Build.0 = Release|Any CPU
		{1C70A444-711F-427B-8CAF-08360275C9F5}.Debug|Any CPU.ActiveCfg = Debug|Any CPU
		{1C70A444-711F-427B-8CAF-08360275C9F5}.Debug|Any CPU.Build.0 = Debug|Any CPU
		{1C70A444-711F-427B-8CAF-08360275C9F5}.Release|Any CPU.ActiveCfg = Release|Any CPU
		{1C70A444-711F-427B-8CAF-08360275C9F5}.Release|Any CPU.Build.0 = Release|Any CPU
	EndGlobalSection
	GlobalSection(SolutionProperties) = preSolution
		HideSolutionNode = FALSE
	EndGlobalSection
	GlobalSection(NestedProjects) = preSolution
		{6CE2AAD6-D6E6-413A-AD2B-CDFA073E8AAA} = {02F2165E-0E82-4ED3-A80B-F04F926BD439}
		{2AB1D5CF-FA62-4906-B6E6-9F24CCCE3CCA} = {02F2165E-0E82-4ED3-A80B-F04F926BD439}
		{0B6E2A06-C13E-4AEF-89D3-5A7BA1232084} = {E7AA3335-A50B-469F-A858-EFC319A34BC2}
		{02F2165E-0E82-4ED3-A80B-F04F926BD439} = {E7AA3335-A50B-469F-A858-EFC319A34BC2}
		{3B125497-07AA-43C9-A882-E0879E763BDB} = {544517DE-EE7B-4C9D-925C-5E2C83FB9CFB}
		{1486ADB8-5750-4500-9B29-6279EBEC0DA2} = {EAB45ACE-F4DA-4F32-AE4E-562749D210D3}
		{1EA2996F-3342-4F03-8AD9-5DBD7E224ECD} = {3206C214-A7CF-4CC0-8D5A-035309C58373}
		{847F61AF-DFE5-4174-9159-C4F6E38DDEBE} = {3206C214-A7CF-4CC0-8D5A-035309C58373}
		{9D659389-E038-4F5B-AA55-557D2007F879} = {3206C214-A7CF-4CC0-8D5A-035309C58373}
		{CD9403BC-8D5B-4BF1-95F0-9168BA18035D} = {847F61AF-DFE5-4174-9159-C4F6E38DDEBE}
		{DF14D1ED-3D4E-41C8-BD80-58039ED5F2B0} = {EAB45ACE-F4DA-4F32-AE4E-562749D210D3}
		{756315A3-5BE4-49C0-A336-5D77E6D782E7} = {02F2165E-0E82-4ED3-A80B-F04F926BD439}
		{A2124B9A-1801-4312-8E6B-5EEF2A3850C0} = {3206C214-A7CF-4CC0-8D5A-035309C58373}
		{ECAD13AA-9F2F-4483-850E-76727542B0C7} = {A2124B9A-1801-4312-8E6B-5EEF2A3850C0}
		{F5C4D131-614A-4983-A41F-390390BB23D4} = {847F61AF-DFE5-4174-9159-C4F6E38DDEBE}
		{B5C297BB-77C3-4088-8BE9-8F62029FE20C} = {8F30CDF4-C766-447B-8FB0-037B8C55435F}
		{544517DE-EE7B-4C9D-925C-5E2C83FB9CFB} = {E7AA3335-A50B-469F-A858-EFC319A34BC2}
		{EAB45ACE-F4DA-4F32-AE4E-562749D210D3} = {E7AA3335-A50B-469F-A858-EFC319A34BC2}
		{AAB2FC62-921D-4DB7-AF12-68DC63D49A59} = {0B6E2A06-C13E-4AEF-89D3-5A7BA1232084}
		{0CE11522-6A81-4455-9910-FB0A50D346E8} = {0B6E2A06-C13E-4AEF-89D3-5A7BA1232084}
		{211E2653-F784-490E-B158-5269F64334C3} = {0B6E2A06-C13E-4AEF-89D3-5A7BA1232084}
		{56A13D7D-B100-4B3C-B295-E9E7772EF7C8} = {76494F63-19A9-4AFB-BEA6-4028E594FF2A}
		{229734DE-6F3E-4AEB-A9C7-BD841D2E1ED8} = {EAB45ACE-F4DA-4F32-AE4E-562749D210D3}
		{2C16443C-4411-41F1-9918-A35C152CDE27} = {EAB45ACE-F4DA-4F32-AE4E-562749D210D3}
		{C9444C09-0A7D-4CD7-857C-B18353079854} = {847F61AF-DFE5-4174-9159-C4F6E38DDEBE}
		{4E41955D-0FDB-4427-AABD-1B06333784B1} = {847F61AF-DFE5-4174-9159-C4F6E38DDEBE}
		{BCD13181-FD2C-4518-AF5D-FAD8FF21D4AD} = {847F61AF-DFE5-4174-9159-C4F6E38DDEBE}
		{F3E433E3-1C2B-4F24-8344-B63EB19FB581} = {56A13D7D-B100-4B3C-B295-E9E7772EF7C8}
		{027BCC4A-2359-471D-9062-AB344B0DC262} = {847F61AF-DFE5-4174-9159-C4F6E38DDEBE}
		{1C70A444-711F-427B-8CAF-08360275C9F5} = {56A13D7D-B100-4B3C-B295-E9E7772EF7C8}
	EndGlobalSection
	GlobalSection(ExtensibilityGlobals) = postSolution
		SolutionGuid = {F94885BB-3411-4122-AD6F-09B89DA67B50}
	EndGlobalSection
EndGlobal
